{
  "name": "node_express",
  "version": "1.0.0",
  "lockfileVersion": 3,
  "requires": true,
  "packages": {
    "": {
      "name": "node_express",
      "version": "1.0.0",
      "license": "ISC",
      "dependencies": {
        "exports": "^0.0.1"
      }
    },
    "node_modules/exports": {
      "version": "0.0.1",
      "resolved": "https://registry.npmjs.org/exports/-/exports-0.0.1.tgz",
      "integrity": "sha512-F0nSUYX1dE87NoTw3XEnfD/5mWW9SHgchLFYhMQOX6TT86fjNQH2HGqpZLITU6SNvS19uycEffNDBtQx06xeCA==",
      "dependencies": {
        "super": "0.1.0"
      },
      "engines": {
        "node": ">= 0.6.0"
      }
    },
    "node_modules/super": {
      "version": "0.1.0",
      "resolved": "https://registry.npmjs.org/super/-/super-0.1.0.tgz",
      "integrity": "sha512-IjrvwaNPY4fqZzURlvon14cpwGbH4uEIlSyOS/Go8s7hiz9JkYbdHvcvqu6bui/TT1z4+RCQLRmc/tT+k+wZew==",
      "engines": {
        "node": ">= 0.6.0 < 0.7.0"
      }
    }
  }
}
